
Microsoft Visual Studio Solution File, Format Version 12.00
# Visual Studio Version 17
VisualStudioVersion = 17.12.35527.113
MinimumVisualStudioVersion = 10.0.40219.1
Project("{FAE04EC0-301F-11D3-BF4B-00C04F79EFBC}") = "BlazorNet9.0.WebApp", "BlazorNet9.0.WebApp\BlazorNet9.0.WebApp.csproj", "{AB569DA8-E1DE-4FDB-834E-92511FE32123}"
EndProject
Project("{FAE04EC0-301F-11D3-BF4B-00C04F79EFBC}") = "ModuleWeather", "ModuleWeather\ModuleWeather.csproj", "{FE96516B-9E5A-4BDB-8659-B439531FCD45}"
EndProject
Project("{FAE04EC0-301F-11D3-BF4B-00C04F79EFBC}") = "ModuleCounter", "ModuleCounter\ModuleCounter.csproj", "{A5BB5E93-595C-4792-908F-9E96FE2299BA}"
EndProject
Global
	GlobalSection(SolutionConfigurationPlatforms) = preSolution
		Debug|Any CPU = Debug|Any CPU
		Release|Any CPU = Release|Any CPU
	EndGlobalSection
	GlobalSection(ProjectConfigurationPlatforms) = postSolution
		{AB569DA8-E1DE-4FDB-834E-92511FE32123}.Debug|Any CPU.ActiveCfg = Debug|Any CPU
		{AB569DA8-E1DE-4FDB-834E-92511FE32123}.Debug|Any CPU.Build.0 = Debug|Any CPU
		{AB569DA8-E1DE-4FDB-834E-92511FE32123}.Release|Any CPU.ActiveCfg = Release|Any CPU
		{AB569DA8-E1DE-4FDB-834E-92511FE32123}.Release|Any CPU.Build.0 = Release|Any CPU
		{FE96516B-9E5A-4BDB-8659-B439531FCD45}.Debug|Any CPU.ActiveCfg = Debug|Any CPU
		{FE96516B-9E5A-4BDB-8659-B439531FCD45}.Debug|Any CPU.Build.0 = Debug|Any CPU
		{FE96516B-9E5A-4BDB-8659-B439531FCD45}.Release|Any CPU.ActiveCfg = Release|Any CPU
		{FE96516B-9E5A-4BDB-8659-B439531FCD45}.Release|Any CPU.Build.0 = Release|Any CPU
		{A5BB5E93-595C-4792-908F-9E96FE2299BA}.Debug|Any CPU.ActiveCfg = Debug|Any CPU
		{A5BB5E93-595C-4792-908F-9E96FE2299BA}.Debug|Any CPU.Build.0 = Debug|Any CPU
		{A5BB5E93-595C-4792-908F-9E96FE2299BA}.Release|Any CPU.ActiveCfg = Release|Any CPU
		{A5BB5E93-595C-4792-908F-9E96FE2299BA}.Release|Any CPU.Build.0 = Release|Any CPU
	EndGlobalSection
	GlobalSection(SolutionProperties) = preSolution
		HideSolutionNode = FALSE
	EndGlobalSection
EndGlobal
